
Microsoft Visual Studio Solution File, Format Version 12.00
# Visual Studio 15
VisualStudioVersion = 15.0.28307.705
MinimumVisualStudioVersion = 10.0.40219.1
Project("{9A19103F-16F7-4668-BE54-9A1E7A4F7556}") = "WebChat.NetCoreServer", "NetCoreServer\WebChat.NetCoreServer.csproj", "{342EBD63-21A0-49DD-B43B-ABA5438E4A7C}"
EndProject
Project("{9A19103F-16F7-4668-BE54-9A1E7A4F7556}") = "WebChat.SignalRServer", "SignalRServer\WebChat.SignalRServer.csproj", "{5BBC3CAE-909E-4EED-87DC-3F469184C5C9}"
EndProject
Global
	GlobalSection(SolutionConfigurationPlatforms) = preSolution
		Debug|Any CPU = Debug|Any CPU
		Release|Any CPU = Release|Any CPU
	EndGlobalSection
	GlobalSection(ProjectConfigurationPlatforms) = postSolution
		{342EBD63-21A0-49DD-B43B-ABA5438E4A7C}.Debug|Any CPU.ActiveCfg = Debug|Any CPU
		{342EBD63-21A0-49DD-B43B-ABA5438E4A7C}.Debug|Any CPU.Build.0 = Debug|Any CPU
		{342EBD63-21A0-49DD-B43B-ABA5438E4A7C}.Release|Any CPU.ActiveCfg = Release|Any CPU
		{342EBD63-21A0-49DD-B43B-ABA5438E4A7C}.Release|Any CPU.Build.0 = Release|Any CPU
		{5BBC3CAE-909E-4EED-87DC-3F469184C5C9}.Debug|Any CPU.ActiveCfg = Debug|Any CPU
		{5BBC3CAE-909E-4EED-87DC-3F469184C5C9}.Debug|Any CPU.Build.0 = Debug|Any CPU
		{5BBC3CAE-909E-4EED-87DC-3F469184C5C9}.Release|Any CPU.ActiveCfg = Release|Any CPU
		{5BBC3CAE-909E-4EED-87DC-3F469184C5C9}.Release|Any CPU.Build.0 = Release|Any CPU
	EndGlobalSection
	GlobalSection(SolutionProperties) = preSolution
		HideSolutionNode = FALSE
	EndGlobalSection
	GlobalSection(ExtensibilityGlobals) = postSolution
		SolutionGuid = {6EB19946-9CD2-4E99-9674-E8965E648C18}
	EndGlobalSection
EndGlobal
